
Microsoft Visual Studio Solution File, Format Version 12.00
# Visual Studio 2013
VisualStudioVersion = 12.0.21005.1
MinimumVisualStudioVersion = 10.0.40219.1
Project("{8BC9CEB8-8B4A-11D0-8D11-00A0C91BC942}") = "lesson001-winbase", "lesson001-winbase\lesson001-winbase.vcxproj", "{D6B7CAF1-3A76-4C4A-8D7D-81817C6FDE88}"
EndProject
Project("{8BC9CEB8-8B4A-11D0-8D11-00A0C91BC942}") = "Texture", "Texture\Texture.vcxproj", "{1D847FD6-9555-40FC-8FE0-59F96F748652}"
EndProject
Project("{8BC9CEB8-8B4A-11D0-8D11-00A0C91BC942}") = "Render3D", "Render3D\Render3D.vcxproj", "{FE9D5E5A-1FB0-4E61-AB2C-136BB989F557}"
EndProject
Global
	GlobalSection(SolutionConfigurationPlatforms) = preSolution
		Debug|Win32 = Debug|Win32
		Release|Win32 = Release|Win32
	EndGlobalSection
	GlobalSection(ProjectConfigurationPlatforms) = postSolution
		{D6B7CAF1-3A76-4C4A-8D7D-81817C6FDE88}.Debug|Win32.ActiveCfg = Debug|Win32
		{D6B7CAF1-3A76-4C4A-8D7D-81817C6FDE88}.Debug|Win32.Build.0 = Debug|Win32
		{D6B7CAF1-3A76-4C4A-8D7D-81817C6FDE88}.Release|Win32.ActiveCfg = Release|Win32
		{D6B7CAF1-3A76-4C4A-8D7D-81817C6FDE88}.Release|Win32.Build.0 = Release|Win32
		{1D847FD6-9555-40FC-8FE0-59F96F748652}.Debug|Win32.ActiveCfg = Debug|Win32
		{1D847FD6-9555-40FC-8FE0-59F96F748652}.Debug|Win32.Build.0 = Debug|Win32
		{1D847FD6-9555-40FC-8FE0-59F96F748652}.Release|Win32.ActiveCfg = Release|Win32
		{1D847FD6-9555-40FC-8FE0-59F96F748652}.Release|Win32.Build.0 = Release|Win32
		{FE9D5E5A-1FB0-4E61-AB2C-136BB989F557}.Debug|Win32.ActiveCfg = Debug|Win32
		{FE9D5E5A-1FB0-4E61-AB2C-136BB989F557}.Debug|Win32.Build.0 = Debug|Win32
		{FE9D5E5A-1FB0-4E61-AB2C-136BB989F557}.Release|Win32.ActiveCfg = Release|Win32
		{FE9D5E5A-1FB0-4E61-AB2C-136BB989F557}.Release|Win32.Build.0 = Release|Win32
	EndGlobalSection
	GlobalSection(SolutionProperties) = preSolution
		HideSolutionNode = FALSE
	EndGlobalSection
EndGlobal
